
Microsoft Visual Studio Solution File, Format Version 12.00
# Visual Studio 15
VisualStudioVersion = 15.0.28306.52
MinimumVisualStudioVersion = 10.0.40219.1
Project("{A07B5EB6-E848-4116-A8D0-A826331D98C6}") = "TestServiceFabric", "TestServiceFabric\TestServiceFabric.sfproj", "{A375549B-3E78-4AAD-BBA1-D09C25CDDC07}"
EndProject
Project("{FAE04EC0-301F-11D3-BF4B-00C04F79EFBC}") = "WebIdentity", "WebIdentity\WebIdentity.csproj", "{29D0C4A5-77E4-401B-8426-23788467927D}"
EndProject
Global
	GlobalSection(SolutionConfigurationPlatforms) = preSolution
		Debug|Any CPU = Debug|Any CPU
		Debug|x64 = Debug|x64
		Release|Any CPU = Release|Any CPU
		Release|x64 = Release|x64
	EndGlobalSection
	GlobalSection(ProjectConfigurationPlatforms) = postSolution
		{A375549B-3E78-4AAD-BBA1-D09C25CDDC07}.Debug|Any CPU.ActiveCfg = Debug|x64
		{A375549B-3E78-4AAD-BBA1-D09C25CDDC07}.Debug|x64.ActiveCfg = Debug|x64
		{A375549B-3E78-4AAD-BBA1-D09C25CDDC07}.Debug|x64.Build.0 = Debug|x64
		{A375549B-3E78-4AAD-BBA1-D09C25CDDC07}.Debug|x64.Deploy.0 = Debug|x64
		{A375549B-3E78-4AAD-BBA1-D09C25CDDC07}.Release|Any CPU.ActiveCfg = Release|x64
		{A375549B-3E78-4AAD-BBA1-D09C25CDDC07}.Release|x64.ActiveCfg = Release|x64
		{A375549B-3E78-4AAD-BBA1-D09C25CDDC07}.Release|x64.Build.0 = Release|x64
		{A375549B-3E78-4AAD-BBA1-D09C25CDDC07}.Release|x64.Deploy.0 = Release|x64
		{29D0C4A5-77E4-401B-8426-23788467927D}.Debug|Any CPU.ActiveCfg = Debug|Any CPU
		{29D0C4A5-77E4-401B-8426-23788467927D}.Debug|Any CPU.Build.0 = Debug|Any CPU
		{29D0C4A5-77E4-401B-8426-23788467927D}.Debug|x64.ActiveCfg = Debug|Any CPU
		{29D0C4A5-77E4-401B-8426-23788467927D}.Debug|x64.Build.0 = Debug|Any CPU
		{29D0C4A5-77E4-401B-8426-23788467927D}.Release|Any CPU.ActiveCfg = Release|Any CPU
		{29D0C4A5-77E4-401B-8426-23788467927D}.Release|Any CPU.Build.0 = Release|Any CPU
		{29D0C4A5-77E4-401B-8426-23788467927D}.Release|x64.ActiveCfg = Release|Any CPU
		{29D0C4A5-77E4-401B-8426-23788467927D}.Release|x64.Build.0 = Release|Any CPU
	EndGlobalSection
	GlobalSection(SolutionProperties) = preSolution
		HideSolutionNode = FALSE
	EndGlobalSection
	GlobalSection(ExtensibilityGlobals) = postSolution
		SolutionGuid = {A4492FEA-6299-48B3-9BCD-B1A470984A30}
	EndGlobalSection
EndGlobal
